
Microsoft Visual Studio Solution File, Format Version 12.00
# Visual Studio Version 17
VisualStudioVersion = 17.8.34309.116
MinimumVisualStudioVersion = 10.0.40219.1
Project("{9A19103F-16F7-4668-BE54-9A1E7A4F7556}") = "Common", "Common\Common.csproj", "{51891867-E8B1-4A47-B4E1-27F164F0A9E8}"
EndProject
Project("{FAE04EC0-301F-11D3-BF4B-00C04F79EFBC}") = "BillingService", "BillingService\BillingService.csproj", "{104609B9-7EE2-43DB-9CAF-4E4DA4C19ACA}"
EndProject
Project("{FAE04EC0-301F-11D3-BF4B-00C04F79EFBC}") = "OrderService", "OrderService\OrderService.csproj", "{04B22613-8852-4DF6-B977-76926BDF7143}"
EndProject
Global
	GlobalSection(SolutionConfigurationPlatforms) = preSolution
		Debug|Any CPU = Debug|Any CPU
		Release|Any CPU = Release|Any CPU
	EndGlobalSection
	GlobalSection(ProjectConfigurationPlatforms) = postSolution
		{51891867-E8B1-4A47-B4E1-27F164F0A9E8}.Debug|Any CPU.ActiveCfg = Debug|Any CPU
		{51891867-E8B1-4A47-B4E1-27F164F0A9E8}.Debug|Any CPU.Build.0 = Debug|Any CPU
		{51891867-E8B1-4A47-B4E1-27F164F0A9E8}.Release|Any CPU.ActiveCfg = Release|Any CPU
		{51891867-E8B1-4A47-B4E1-27F164F0A9E8}.Release|Any CPU.Build.0 = Release|Any CPU
		{104609B9-7EE2-43DB-9CAF-4E4DA4C19ACA}.Debug|Any CPU.ActiveCfg = Debug|Any CPU
		{104609B9-7EE2-43DB-9CAF-4E4DA4C19ACA}.Debug|Any CPU.Build.0 = Debug|Any CPU
		{104609B9-7EE2-43DB-9CAF-4E4DA4C19ACA}.Release|Any CPU.ActiveCfg = Release|Any CPU
		{104609B9-7EE2-43DB-9CAF-4E4DA4C19ACA}.Release|Any CPU.Build.0 = Release|Any CPU
		{04B22613-8852-4DF6-B977-76926BDF7143}.Debug|Any CPU.ActiveCfg = Debug|Any CPU
		{04B22613-8852-4DF6-B977-76926BDF7143}.Debug|Any CPU.Build.0 = Debug|Any CPU
		{04B22613-8852-4DF6-B977-76926BDF7143}.Release|Any CPU.ActiveCfg = Release|Any CPU
		{04B22613-8852-4DF6-B977-76926BDF7143}.Release|Any CPU.Build.0 = Release|Any CPU
	EndGlobalSection
	GlobalSection(SolutionProperties) = preSolution
		HideSolutionNode = FALSE
	EndGlobalSection
	GlobalSection(ExtensibilityGlobals) = postSolution
		SolutionGuid = {C01B6645-E775-426B-95BD-9D6530D6FE6E}
	EndGlobalSection
EndGlobal
